{
  "lib\\autoloop": {
    "rev": "0ef8f6a969a162d063fc80b0e4b0ebb247d4c516"
  },
  "lib\\chainlink-brownie-contracts": {
    "tag": {
      "name": "0.6.1",
      "rev": "c6d0ca512f1b09d93bc81415d246dbee7e5c6894"
    }
  },
  "lib\\forge-std": {
    "tag": {
      "name": "v1.15.0",
      "rev": "0844d7e1fc5e60d77b68e469bff60265f236c398"
    }
  },
  "lib\\openzeppelin-contracts": {
    "tag": {
      "name": "v4.8.0-743-g69c8def5",
      "rev": "69c8def5f222ff96f2b5beff05dfba996368aa79"
    }
  }
}
